schema: local-ci-toolchain-lock/v2
runner:
    repository: hap-team/runner
    version: v0.8.42
    commit: 6d63893b872b1accf1f2ff8c7a5135932cd3cde3
    protocol: local-ci/v1
    artifacts:
        darwin-arm64:
            file: runner_v0.8.42_darwin_arm64
            sha256: 8f8994239832362e012850a49e903812fd6bacd8da7155472c8ed45b6d6693fe
        linux-amd64:
            file: runner_v0.8.42_linux_amd64
            sha256: b6877b52e4298572059d405eb0b446fb54ca267c1d9427c5ed6ebc3562fc682d
        linux-arm64:
            file: runner_v0.8.42_linux_arm64
            sha256: 3d9aef8027f7f8f37e9485f55a16b9c8a2a496d70b8a75c1839a041ebc6c6c3e
plugins:
    kubernetes:
        repository: hap-team/runner
        version: v0.8.42
        commit: 6d63893b872b1accf1f2ff8c7a5135932cd3cde3
        protocol: runner-plugin/v1
        artifacts:
            darwin-arm64:
                file: runner-plugin-kubernetes_v0.8.42_darwin_arm64
                sha256: ab9bd78c6f34e2df5fafee97e1d7aa0b4a840ffdee63ce8153054a8ebe80a129
            linux-amd64:
                file: runner-plugin-kubernetes_v0.8.42_linux_amd64
                sha256: a1c5486b479049a163d8fb02e322f7ec39c6e69862ffe2a9f9172b3c28da01be
            linux-arm64:
                file: runner-plugin-kubernetes_v0.8.42_linux_arm64
                sha256: a5b4f4f000e41299397b02caea71452f6c0e24db02602f8a9b991fab8eecac0d
    local:
        repository: hap-team/runner
        version: v0.8.42
        commit: 6d63893b872b1accf1f2ff8c7a5135932cd3cde3
        protocol: runner-plugin/v1
        artifacts:
            darwin-arm64:
                file: runner-plugin-local_v0.8.42_darwin_arm64
                sha256: e7dbf07096d9297a4aa01fcc454b57383de3a25ba1477e91667878aa563069ba
            linux-amd64:
                file: runner-plugin-local_v0.8.42_linux_amd64
                sha256: b60f7e17f67921d961bca249924294408a24b57bfd9fe2c8f72f65b07af430a3
            linux-arm64:
                file: runner-plugin-local_v0.8.42_linux_arm64
                sha256: e38759cf7aec2566a7ce54569e854f004c1bb4381d8f6755bc317c76e2558814
    oci:
        repository: hap-team/runner
        version: v0.8.42
        commit: 6d63893b872b1accf1f2ff8c7a5135932cd3cde3
        protocol: runner-plugin/v1
        artifacts:
            darwin-arm64:
                file: runner-plugin-oci_v0.8.42_darwin_arm64
                sha256: ce5247dd23cb25850690ee1ce2d996e7f07190e0204916fd2a3f2e1560f3d204
            linux-amd64:
                file: runner-plugin-oci_v0.8.42_linux_amd64
                sha256: 8525acd3416a1090ee032a776187402890a2824883d2f271d131d66f6c902515
            linux-arm64:
                file: runner-plugin-oci_v0.8.42_linux_arm64
                sha256: 865d0eecb71ea695482b3c89f5f554951e8ede170b8e736cfae291174b2e16ea
profiles:
    go:
        versions:
            "1.26":
                image: golang:1.26.3-bookworm
            "1.27":
                image: golang:1.27.1-bookworm
