schema: local-ci-toolchain-lock/v2
runner:
    repository: hap-team/runner
    version: v0.8.41
    commit: 3526b0a181fc5bdab400ca4454cdbdfd355a86ce
    protocol: local-ci/v1
    artifacts:
        darwin-arm64:
            file: runner_v0.8.41_darwin_arm64
            sha256: 8080adc7bfe6fd1cc61e6fa2a86ad70388ece23b792880d933ee8d72014c0111
        linux-amd64:
            file: runner_v0.8.41_linux_amd64
            sha256: bed714cf34b8d5ab6ac280d6aeb438e817c98520769f91440f924274008e8eab
        linux-arm64:
            file: runner_v0.8.41_linux_arm64
            sha256: 2e2342fd56e49be9041db4be794c4309919f2ad3821c78da95dc183fc3fec869
plugins:
    kubernetes:
        repository: hap-team/runner
        version: v0.8.41
        commit: 3526b0a181fc5bdab400ca4454cdbdfd355a86ce
        protocol: runner-plugin/v1
        artifacts:
            darwin-arm64:
                file: runner-plugin-kubernetes_v0.8.41_darwin_arm64
                sha256: 6dc4fefb02ce95173510b9930bac4830273edb899db20e1d9f3fc747ddce61b3
            linux-amd64:
                file: runner-plugin-kubernetes_v0.8.41_linux_amd64
                sha256: 7567272d9f816010be1dcf0539e824630366f0220874b9f294975d1065a956e3
            linux-arm64:
                file: runner-plugin-kubernetes_v0.8.41_linux_arm64
                sha256: 895f7c5b726c637c69bca1f453e8e1516ad7c3f8325ba099fac29fb25eeba9d9
    local:
        repository: hap-team/runner
        version: v0.8.41
        commit: 3526b0a181fc5bdab400ca4454cdbdfd355a86ce
        protocol: runner-plugin/v1
        artifacts:
            darwin-arm64:
                file: runner-plugin-local_v0.8.41_darwin_arm64
                sha256: 9408c755bb4589ebd05fd098b8d3745b6584ed294308526716b56dd9fa5d9748
            linux-amd64:
                file: runner-plugin-local_v0.8.41_linux_amd64
                sha256: 72dba68f540e9cb5c7b2426fe9a088c6824ad9f1b513f7ae997e35a8dbb457a3
            linux-arm64:
                file: runner-plugin-local_v0.8.41_linux_arm64
                sha256: 5eaada4d386867a4b93162095f163482b5cf3623d90e4414dd060d0579c051eb
    oci:
        repository: hap-team/runner
        version: v0.8.41
        commit: 3526b0a181fc5bdab400ca4454cdbdfd355a86ce
        protocol: runner-plugin/v1
        artifacts:
            darwin-arm64:
                file: runner-plugin-oci_v0.8.41_darwin_arm64
                sha256: 4ee3cec0818df23623290aaaa6227af60af446eba89f6f92cc1b562c52ac2e4b
            linux-amd64:
                file: runner-plugin-oci_v0.8.41_linux_amd64
                sha256: 232867e5bb65801240719b1bc9b4582c7c483c8d8a9cdd0d77cc7c00f4e35b7a
            linux-arm64:
                file: runner-plugin-oci_v0.8.41_linux_arm64
                sha256: 4befc463f6bba8a40fea2dfedcbce600c7690179166eb789c13e17c2d9dfb86d
profiles:
    go:
        versions:
            "1.26":
                image: golang:1.26.3-bookworm
            "1.27":
                image: golang:1.27.1-bookworm
